// !$*UTF8*$!
{
	archiveVersion = 1;
	classes = {
	};
	objectVersion = 50;
	objects = {

/* Begin PBXBuildFile section */
		40056D979A08E3340B5F4AAD /* Pods_AlexPlayground.framework in Frameworks */ = {isa = PBXBuildFile; fileRef = 514E9DD98A2121D0E840526C /* Pods_AlexPlayground.framework */; };
		7A4D565525DEEAC9005D9361 /* AppDelegate.swift in Sources */ = {isa = PBXBuildFile; fileRef = 7A4D565425DEEAC9005D9361 /* AppDelegate.swift */; };
		7A4D565725DEEAC9005D9361 /* SceneDelegate.swift in Sources */ = {isa = PBXBuildFile; fileRef = 7A4D565625DEEAC9005D9361 /* SceneDelegate.swift */; };
		7A4D565925DEEAC9005D9361 /* ViewController.swift in Sources */ = {isa = PBXBuildFile; fileRef = 7A4D565825DEEAC9005D9361 /* ViewController.swift */; };
		7A4D565C25DEEAC9005D9361 /* Main.storyboard in Resources */ = {isa = PBXBuildFile; fileRef = 7A4D565A25DEEAC9005D9361 /* Main.storyboard */; };
		7A4D565E25DEEACB005D9361 /* Assets.xcassets in Resources */ = {isa = PBXBuildFile; fileRef = 7A4D565D25DEEACB005D9361 /* Assets.xcassets */; };
		7A4D566125DEEACB005D9361 /* LaunchScreen.storyboard in Resources */ = {isa = PBXBuildFile; fileRef = 7A4D565F25DEEACB005D9361 /* LaunchScreen.storyboard */; };
/* End PBXBuildFile section */

/* Begin PBXFileReference section */
		514E9DD98A2121D0E840526C /* Pods_AlexPlayground.framework */ = {isa = PBXFileReference; explicitFileType = wrapper.framework; includeInIndex = 0; path = Pods_AlexPlayground.framework; sourceTree = BUILT_PRODUCTS_DIR; };
		7A4D565125DEEAC9005D9361 /* AlexPlayground.app */ = {isa = PBXFileReference; explicitFileType = wrapper.application; includeInIndex = 0; path = AlexPlayground.app; sourceTree = BUILT_PRODUCTS_DIR; };
		7A4D565425DEEAC9005D9361 /* AppDelegate.swift */ = {isa = PBXFileReference; lastKnownFileType = sourcecode.swift; path = AppDelegate.swift; sourceTree = "<group>"; };
		7A4D565625DEEAC9005D9361 /* SceneDelegate.swift */ = {isa = PBXFileReference; lastKnownFileType = sourcecode.swift; path = SceneDelegate.swift; sourceTree = "<group>"; };
		7A4D565825DEEAC9005D9361 /* ViewController.swift */ = {isa = PBXFileReference; lastKnownFileType = sourcecode.swift; path = ViewController.swift; sourceTree = "<group>"; };
		7A4D565B25DEEAC9005D9361 /* Base */ = {isa = PBXFileReference; lastKnownFileType = file.storyboard; name = Base; path = Base.lproj/Main.storyboard; sourceTree = "<group>"; };
		7A4D565D25DEEACB005D9361 /* Assets.xcassets */ = {isa = PBXFileReference; lastKnownFileType = folder.assetcatalog; path = Assets.xcassets; sourceTree = "<group>"; };
		7A4D566025DEEACB005D9361 /* Base */ = {isa = PBXFileReference; lastKnownFileType = file.storyboard; name = Base; path = Base.lproj/LaunchScreen.storyboard; sourceTree = "<group>"; };
		7A4D566225DEEACB005D9361 /* Info.plist */ = {isa = PBXFileReference; lastKnownFileType = text.plist.xml; path = Info.plist; sourceTree = "<group>"; };
		977088C2C58ABFBF83A7B4CD /* Pods-AlexPlayground.release.xcconfig */ = {isa = PBXFileReference; includeInIndex = 1; lastKnownFileType = text.xcconfig; name = "Pods-AlexPlayground.release.xcconfig"; path = "Target Support Files/Pods-AlexPlayground/Pods-AlexPlayground.release.xcconfig"; sourceTree = "<group>"; };
		B6ED1840BAB5FF1E2DC41B0B /* Pods-AlexPlayground.debug.xcconfig */ = {isa = PBXFileReference; includeInIndex = 1; lastKnownFileType = text.xcconfig; name = "Pods-AlexPlayground.debug.xcconfig"; path = "Target Support Files/Pods-AlexPlayground/Pods-AlexPlayground.debug.xcconfig"; sourceTree = "<group>"; };
/* End PBXFileReference section */

/* Begin PBXFrameworksBuildPhase section */
		7A4D564E25DEEAC9005D9361 /* Frameworks */ = {
			isa = PBXFrameworksBuildPhase;
			buildActionMask = 2147483647;
			files = (
				40056D979A08E3340B5F4AAD /* Pods_AlexPlayground.framework in Frameworks */,
			);
			runOnlyForDeploymentPostprocessing = 0;
		};
/* End PBXFrameworksBuildPhase section */

/* Begin PBXGroup section */
		79A5BB049ABE4EFD8A2783B6 /* Frameworks */ = {
			isa = PBXGroup;
			children = (
				514E9DD98A2121D0E840526C /* Pods_AlexPlayground.framework */,
			);
			name = Frameworks;
			sourceTree = "<group>";
		};
		7A4D564825DEEAC9005D9361 = {
			isa = PBXGroup;
			children = (
				7A4D565325DEEAC9005D9361 /* AlexPlayground */,
				7A4D565225DEEAC9005D9361 /* Products */,
				FA3CE8BF3C1648B909EF0508 /* Pods */,
				79A5BB049ABE4EFD8A2783B6 /* Frameworks */,
			);
			sourceTree = "<group>";
		};
		7A4D565225DEEAC9005D9361 /* Products */ = {
			isa = PBXGroup;
			children = (
				7A4D565125DEEAC9005D9361 /* AlexPlayground.app */,
			);
			name = Products;
			sourceTree = "<group>";
		};
		7A4D565325DEEAC9005D9361 /* AlexPlayground */ = {
			isa = PBXGroup;
			children = (
				7A4D565425DEEAC9005D9361 /* AppDelegate.swift */,
				7A4D565625DEEAC9005D9361 /* SceneDelegate.swift */,
				7A4D565825DEEAC9005D9361 /* ViewController.swift */,
				7A4D565A25DEEAC9005D9361 /* Main.storyboard */,
				7A4D565D25DEEACB005D9361 /* Assets.xcassets */,
				7A4D565F25DEEACB005D9361 /* LaunchScreen.storyboard */,
				7A4D566225DEEACB005D9361 /* Info.plist */,
			);
			path = AlexPlayground;
			sourceTree = "<group>";
		};
		FA3CE8BF3C1648B909EF0508 /* Pods */ = {
			isa = PBXGroup;
			children = (
				B6ED1840BAB5FF1E2DC41B0B /* Pods-AlexPlayground.debug.xcconfig */,
				977088C2C58ABFBF83A7B4CD /* Pods-AlexPlayground.release.xcconfig */,
			);
			name = Pods;
			path = Pods;
			sourceTree = "<group>";
		};
/* End PBXGroup section */

/* Begin PBXNativeTarget section */
		7A4D565025DEEAC9005D9361 /* AlexPlayground */ = {
			isa = PBXNativeTarget;
			buildConfigurationList = 7A4D566525DEEACB005D9361 /* Build configuration list for PBXNativeTarget "AlexPlayground" */;
			buildPhases = (
				A4824B49D90907E704BBC0A2 /* [CP] Check Pods Manifest.lock */,
				7A4D564D25DEEAC9005D9361 /* Sources */,
				7A4D564E25DEEAC9005D9361 /* Frameworks */,
				7A4D564F25DEEAC9005D9361 /* Resources */,
				82739E321858D295EA403F4B /* [CP] Embed Pods Frameworks */,
			);
			buildRules = (
			);
			dependencies = (
			);
			name = AlexPlayground;
			productName = AlexPlayground;
			productReference = 7A4D565125DEEAC9005D9361 /* AlexPlayground.app */;
			productType = "com.apple.product-type.application";
		};
/* End PBXNativeTarget section */

/* Begin PBXProject section */
		7A4D564925DEEAC9005D9361 /* Project object */ = {
			isa = PBXProject;
			attributes = {
				LastSwiftUpdateCheck = 1240;
				LastUpgradeCheck = 1240;
				TargetAttributes = {
					7A4D565025DEEAC9005D9361 = {
						CreatedOnToolsVersion = 12.4;
					};
				};
			};
			buildConfigurationList = 7A4D564C25DEEAC9005D9361 /* Build configuration list for PBXProject "AlexPlayground" */;
			compatibilityVersion = "Xcode 9.3";
			developmentRegion = en;
			hasScannedForEncodings = 0;
			knownRegions = (
				en,
				Base,
			);
			mainGroup = 7A4D564825DEEAC9005D9361;
			productRefGroup = 7A4D565225DEEAC9005D9361 /* Products */;
			projectDirPath = "";
			projectRoot = "";
			targets = (
				7A4D565025DEEAC9005D9361 /* AlexPlayground */,
			);
		};
/* End PBXProject section */

/* Begin PBXResourcesBuildPhase section */
		7A4D564F25DEEAC9005D9361 /* Resources */ = {
			isa = PBXResourcesBuildPhase;
			buildActionMask = 2147483647;
			files = (
				7A4D566125DEEACB005D9361 /* LaunchScreen.storyboard in Resources */,
				7A4D565E25DEEACB005D9361 /* Assets.xcassets in Resources */,
				7A4D565C25DEEAC9005D9361 /* Main.storyboard in Resources */,
			);
			runOnlyForDeploymentPostprocessing = 0;
		};
/* End PBXResourcesBuildPhase section */

/* Begin PBXShellScriptBuildPhase section */
		82739E321858D295EA403F4B /* [CP] Embed Pods Frameworks */ = {
			isa = PBXShellScriptBuildPhase;
			buildActionMask = 2147483647;
			files = (
			);
			inputFileListPaths = (
				"${PODS_ROOT}/Target Support Files/Pods-AlexPlayground/Pods-AlexPlayground-frameworks-${CONFIGURATION}-input-files.xcfilelist",
			);
			name = "[CP] Embed Pods Frameworks";
			outputFileListPaths = (
				"${PODS_ROOT}/Target Support Files/Pods-AlexPlayground/Pods-AlexPlayground-frameworks-${CONFIGURATION}-output-files.xcfilelist",
			);
			runOnlyForDeploymentPostprocessing = 0;
			shellPath = /bin/sh;
			shellScript = "\"${PODS_ROOT}/Target Support Files/Pods-AlexPlayground/Pods-AlexPlayground-frameworks.sh\"\n";
			showEnvVarsInLog = 0;
		};
		A4824B49D90907E704BBC0A2 /* [CP] Check Pods Manifest.lock */ = {
			isa = PBXShellScriptBuildPhase;
			buildActionMask = 2147483647;
			files = (
			);
			inputFileListPaths = (
			);
			inputPaths = (
				"${PODS_PODFILE_DIR_PATH}/Podfile.lock",
				"${PODS_ROOT}/Manifest.lock",
			);
			name = "[CP] Check Pods Manifest.lock";
			outputFileListPaths = (
			);
			outputPaths = (
				"$(DERIVED_FILE_DIR)/Pods-AlexPlayground-checkManifestLockResult.txt",
			);
			runOnlyForDeploymentPostprocessing = 0;
			shellPath = /bin/sh;
			shellScript = "diff \"${PODS_PODFILE_DIR_PATH}/Podfile.lock\" \"${PODS_ROOT}/Manifest.lock\" > /dev/null\nif [ $? != 0 ] ; then\n    # print error to STDERR\n    echo \"error: The sandbox is not in sync with the Podfile.lock. Run 'pod install' or update your CocoaPods installation.\" >&2\n    exit 1\nfi\n# This output is used by Xcode 'outputs' to avoid re-running this script phase.\necho \"SUCCESS\" > \"${SCRIPT_OUTPUT_FILE_0}\"\n";
			showEnvVarsInLog = 0;
		};
/* End PBXShellScriptBuildPhase section */

/* Begin PBXSourcesBuildPhase section */
		7A4D564D25DEEAC9005D9361 /* Sources */ = {
			isa = PBXSourcesBuildPhase;
			buildActionMask = 2147483647;
			files = (
				7A4D565925DEEAC9005D9361 /* ViewController.swift in Sources */,
				7A4D565525DEEAC9005D9361 /* AppDelegate.swift in Sources */,
				7A4D565725DEEAC9005D9361 /* SceneDelegate.swift in Sources */,
			);
			runOnlyForDeploymentPostprocessing = 0;
		};
/* End PBXSourcesBuildPhase section */

/* Begin PBXVariantGroup section */
		7A4D565A25DEEAC9005D9361 /* Main.storyboard */ = {
			isa = PBXVariantGroup;
			children = (
				7A4D565B25DEEAC9005D9361 /* Base */,
			);
			name = Main.storyboard;
			sourceTree = "<group>";
		};
		7A4D565F25DEEACB005D9361 /* LaunchScreen.storyboard */ = {
			isa = PBXVariantGroup;
			children = (
				7A4D566025DEEACB005D9361 /* Base */,
			);
			name = LaunchScreen.storyboard;
			sourceTree = "<group>";
		};
/* End PBXVariantGroup section */

/* Begin XCBuildConfiguration section */
		7A4D566325DEEACB005D9361 /* Debug */ = {
			isa = XCBuildConfiguration;
			buildSettings = {
				ALWAYS_SEARCH_USER_PATHS = NO;
				CLANG_ANALYZER_NONNULL = YES;
				CLANG_ANALYZER_NUMBER_OBJECT_CONVERSION = YES_AGGRESSIVE;
				CLANG_CXX_LANGUAGE_STANDARD = "gnu++14";
				CLANG_CXX_LIBRARY = "libc++";
				CLANG_ENABLE_MODULES = YES;
				CLANG_ENABLE_OBJC_ARC = YES;
				CLANG_ENABLE_OBJC_WEAK = YES;
				CLANG_WARN_BLOCK_CAPTURE_AUTORELEASING = YES;
				CLANG_WARN_BOOL_CONVERSION = YES;
				CLANG_WARN_COMMA = YES;
				CLANG_WARN_CONSTANT_CONVERSION = YES;
				CLANG_WARN_DEPRECATED_OBJC_IMPLEMENTATIONS = YES;
				CLANG_WARN_DIRECT_OBJC_ISA_USAGE = YES_ERROR;
				CLANG_WARN_DOCUMENTATION_COMMENTS = YES;
				CLANG_WARN_EMPTY_BODY = YES;
				CLANG_WARN_ENUM_CONVERSION = YES;
				CLANG_WARN_INFINITE_RECURSION = YES;
				CLANG_WARN_INT_CONVERSION = YES;
				CLANG_WARN_NON_LITERAL_NULL_CONVERSION = YES;
				CLANG_WARN_OBJC_IMPLICIT_RETAIN_SELF = YES;
				CLANG_WARN_OBJC_LITERAL_CONVERSION = YES;
				CLANG_WARN_OBJC_ROOT_CLASS = YES_ERROR;
				CLANG_WARN_QUOTED_INCLUDE_IN_FRAMEWORK_HEADER = YES;
				CLANG_WARN_RANGE_LOOP_ANALYSIS = YES;
				CLANG_WARN_STRICT_PROTOTYPES = YES;
				CLANG_WARN_SUSPICIOUS_MOVE = YES;
				CLANG_WARN_UNGUARDED_AVAILABILITY = YES_AGGRESSIVE;
				CLANG_WARN_UNREACHABLE_CODE = YES;
				CLANG_WARN__DUPLICATE_METHOD_MATCH = YES;
				COPY_PHASE_STRIP = NO;
				DEBUG_INFORMATION_FORMAT = dwarf;
				ENABLE_STRICT_OBJC_MSGSEND = YES;
				ENABLE_TESTABILITY = YES;
				GCC_C_LANGUAGE_STANDARD = gnu11;
				GCC_DYNAMIC_NO_PIC = NO;
				GCC_NO_COMMON_BLOCKS = YES;
				GCC_OPTIMIZATION_LEVEL = 0;
				GCC_PREPROCESSOR_DEFINITIONS = (
					"DEBUG=1",
					"$(inherited)",
				);
				GCC_WARN_64_TO_32_BIT_CONVERSION = YES;
				GCC_WARN_ABOUT_RETURN_TYPE = YES_ERROR;
				GCC_WARN_UNDECLARED_SELECTOR = YES;
				GCC_WARN_UNINITIALIZED_AUTOS = YES_AGGRESSIVE;
				GCC_WARN_UNUSED_FUNCTION = YES;
				GCC_WARN_UNUSED_VARIABLE = YES;
				IPHONEOS_DEPLOYMENT_TARGET = 14.4;
				MTL_ENABLE_DEBUG_INFO = INCLUDE_SOURCE;
				MTL_FAST_MATH = YES;
				ONLY_ACTIVE_ARCH = YES;
				SDKROOT = iphoneos;
				SWIFT_ACTIVE_COMPILATION_CONDITIONS = DEBUG;
				SWIFT_OPTIMIZATION_LEVEL = "-Onone";
			};
			name = Debug;
		};
		7A4D566425DEEACB005D9361 /* Release */ = {
			isa = XCBuildConfiguration;
			buildSettings = {
				ALWAYS_SEARCH_USER_PATHS = NO;
				CLANG_ANALYZER_NONNULL = YES;
				CLANG_ANALYZER_NUMBER_OBJECT_CONVERSION = YES_AGGRESSIVE;
				CLANG_CXX_LANGUAGE_STANDARD = "gnu++14";
				CLANG_CXX_LIBRARY = "libc++";
				CLANG_ENABLE_MODULES = YES;
				CLANG_ENABLE_OBJC_ARC = YES;
				CLANG_ENABLE_OBJC_WEAK = YES;
				CLANG_WARN_BLOCK_CAPTURE_AUTORELEASING = YES;
				CLANG_WARN_BOOL_CONVERSION = YES;
				CLANG_WARN_COMMA = YES;
				CLANG_WARN_CONSTANT_CONVERSION = YES;
				CLANG_WARN_DEPRECATED_OBJC_IMPLEMENTATIONS = YES;
				CLANG_WARN_DIRECT_OBJC_ISA_USAGE = YES_ERROR;
				CLANG_WARN_DOCUMENTATION_COMMENTS = YES;
				CLANG_WARN_EMPTY_BODY = YES;
				CLANG_WARN_ENUM_CONVERSION = YES;
				CLANG_WARN_INFINITE_RECURSION = YES;
				CLANG_WARN_INT_CONVERSION = YES;
				CLANG_WARN_NON_LITERAL_NULL_CONVERSION = YES;
				CLANG_WARN_OBJC_IMPLICIT_RETAIN_SELF = YES;
				CLANG_WARN_OBJC_LITERAL_CONVERSION = YES;
				CLANG_WARN_OBJC_ROOT_CLASS = YES_ERROR;
				CLANG_WARN_QUOTED_INCLUDE_IN_FRAMEWORK_HEADER = YES;
				CLANG_WARN_RANGE_LOOP_ANALYSIS = YES;
				CLANG_WARN_STRICT_PROTOTYPES = YES;
				CLANG_WARN_SUSPICIOUS_MOVE = YES;
				CLANG_WARN_UNGUARDED_AVAILABILITY = YES_AGGRESSIVE;
				CLANG_WARN_UNREACHABLE_CODE = YES;
				CLANG_WARN__DUPLICATE_METHOD_MATCH = YES;
				COPY_PHASE_STRIP = NO;
				DEBUG_INFORMATION_FORMAT = "dwarf-with-dsym";
				ENABLE_NS_ASSERTIONS = NO;
				ENABLE_STRICT_OBJC_MSGSEND = YES;
				GCC_C_LANGUAGE_STANDARD = gnu11;
				GCC_NO_COMMON_BLOCKS = YES;
				GCC_WARN_64_TO_32_BIT_CONVERSION = YES;
				GCC_WARN_ABOUT_RETURN_TYPE = YES_ERROR;
				GCC_WARN_UNDECLARED_SELECTOR = YES;
				GCC_WARN_UNINITIALIZED_AUTOS = YES_AGGRESSIVE;
				GCC_WARN_UNUSED_FUNCTION = YES;
				GCC_WARN_UNUSED_VARIABLE = YES;
				IPHONEOS_DEPLOYMENT_TARGET = 14.4;
				MTL_ENABLE_DEBUG_INFO = NO;
				MTL_FAST_MATH = YES;
				SDKROOT = iphoneos;
				SWIFT_COMPILATION_MODE = wholemodule;
				SWIFT_OPTIMIZATION_LEVEL = "-O";
				VALIDATE_PRODUCT = YES;
			};
			name = Release;
		};
		7A4D566625DEEACB005D9361 /* Debug */ = {
			isa = XCBuildConfiguration;
			baseConfigurationReference = B6ED1840BAB5FF1E2DC41B0B /* Pods-AlexPlayground.debug.xcconfig */;
			buildSettings = {
				ASSETCATALOG_COMPILER_APPICON_NAME = AppIcon;
				ASSETCATALOG_COMPILER_GLOBAL_ACCENT_COLOR_NAME = AccentColor;
				CODE_SIGN_STYLE = Automatic;
				DEVELOPMENT_TEAM = U4W8K74MFC;
				INFOPLIST_FILE = AlexPlayground/Info.plist;
				LD_RUNPATH_SEARCH_PATHS = (
					"$(inherited)",
					"@executable_path/Frameworks",
				);
				PRODUCT_BUNDLE_IDENTIFIER = alextitov.AlexPlayground;
				PRODUCT_NAME = "$(TARGET_NAME)";
				SWIFT_VERSION = 5.0;
				TARGETED_DEVICE_FAMILY = "1,2";
			};
			name = Debug;
		};
		7A4D566725DEEACB005D9361 /* Release */ = {
			isa = XCBuildConfiguration;
			baseConfigurationReference = 977088C2C58ABFBF83A7B4CD /* Pods-AlexPlayground.release.xcconfig */;
			buildSettings = {
				ASSETCATALOG_COMPILER_APPICON_NAME = AppIcon;
				ASSETCATALOG_COMPILER_GLOBAL_ACCENT_COLOR_NAME = AccentColor;
				CODE_SIGN_STYLE = Automatic;
				DEVELOPMENT_TEAM = U4W8K74MFC;
				INFOPLIST_FILE = AlexPlayground/Info.plist;
				LD_RUNPATH_SEARCH_PATHS = (
					"$(inherited)",
					"@executable_path/Frameworks",
				);
				PRODUCT_BUNDLE_IDENTIFIER = alextitov.AlexPlayground;
				PRODUCT_NAME = "$(TARGET_NAME)";
				SWIFT_VERSION = 5.0;
				TARGETED_DEVICE_FAMILY = "1,2";
			};
			name = Release;
		};
/* End XCBuildConfiguration section */

/* Begin XCConfigurationList section */
		7A4D564C25DEEAC9005D9361 /* Build configuration list for PBXProject "AlexPlayground" */ = {
			isa = XCConfigurationList;
			buildConfigurations = (
				7A4D566325DEEACB005D9361 /* Debug */,
				7A4D566425DEEACB005D9361 /* Release */,
			);
			defaultConfigurationIsVisible = 0;
			defaultConfigurationName = Release;
		};
		7A4D566525DEEACB005D9361 /* Build configuration list for PBXNativeTarget "AlexPlayground" */ = {
			isa = XCConfigurationList;
			buildConfigurations = (
				7A4D566625DEEACB005D9361 /* Debug */,
				7A4D566725DEEACB005D9361 /* Release */,
			);
			defaultConfigurationIsVisible = 0;
			defaultConfigurationName = Release;
		};
/* End XCConfigurationList section */
	};
	rootObject = 7A4D564925DEEAC9005D9361 /* Project object */;
}
